{
  "name": "laba23-2",
  "version": "1.0.0",
  "lockfileVersion": 3,
  "requires": true,
  "packages": {
    "": {
      "name": "laba23-2",
      "version": "1.0.0",
      "license": "ISC",
      "dependencies": {
        "casl": "^1.1.0"
      }
    },
    "node_modules/casl": {
      "version": "1.1.0",
      "resolved": "https://registry.npmjs.org/casl/-/casl-1.1.0.tgz",
      "integrity": "sha512-58M7lfbzIDLt/y/f4ierhdFyv56YTtziJGAaObwzkEDutx5ycORBhdJY3V/desmOduUn2/5EKksbDCf260uQvw==",
      "deprecated": "CASL is split into few packages. Check CASL repository for more info",
      "dependencies": {
        "sift": "^5.0.0"
      },
      "engines": {
        "npm": "^3.0.0"
      }
    },
    "node_modules/sift": {
      "version": "5.1.0",
      "resolved": "https://registry.npmjs.org/sift/-/sift-5.1.0.tgz",
      "integrity": "sha512-tQOVb0Z8pJZ50QBaLI/yRxGI4paVinEHcBxe2rbV3Im8bbsa47xj6luWPw2ekGwhrsuyzECbQyu1pltAlfsz9g=="
    }
  }
}
