
Microsoft Visual Studio Solution File, Format Version 12.00
Project("{FAE04EC0-301F-11D3-BF4B-00C04F79EFBC}") = "Core_Intro", "Core_Intro\Core_Intro.csproj", "{16452532-B9CD-4ACF-A739-D838E0AC4C8A}"
EndProject
Global
	GlobalSection(SolutionConfigurationPlatforms) = preSolution
		Debug|Any CPU = Debug|Any CPU
		Release|Any CPU = Release|Any CPU
	EndGlobalSection
	GlobalSection(ProjectConfigurationPlatforms) = postSolution
		{16452532-B9CD-4ACF-A739-D838E0AC4C8A}.Debug|Any CPU.ActiveCfg = Debug|Any CPU
		{16452532-B9CD-4ACF-A739-D838E0AC4C8A}.Debug|Any CPU.Build.0 = Debug|Any CPU
		{16452532-B9CD-4ACF-A739-D838E0AC4C8A}.Release|Any CPU.ActiveCfg = Release|Any CPU
		{16452532-B9CD-4ACF-A739-D838E0AC4C8A}.Release|Any CPU.Build.0 = Release|Any CPU
	EndGlobalSection
EndGlobal
